// !$*UTF8*$!
{
	archiveVersion = 1;
	classes = {
	};
	objectVersion = 77;
	objects = {

/* Begin PBXContainerItemProxy section */
		E51E0E3A2DA95C20005FAFF4 /* PBXContainerItemProxy */ = {
			isa = PBXContainerItemProxy;
			containerPortal = E51E0E1F2DA95C1E005FAFF4 /* Project object */;
			proxyType = 1;
			remoteGlobalIDString = E51E0E262DA95C1E005FAFF4;
			remoteInfo = ViciMVP;
		};
		E51E0E442DA95C20005FAFF4 /* PBXContainerItemProxy */ = {
			isa = PBXContainerItemProxy;
			containerPortal = E51E0E1F2DA95C1E005FAFF4 /* Project object */;
			proxyType = 1;
			remoteGlobalIDString = E51E0E262DA95C1E005FAFF4;
			remoteInfo = ViciMVP;
		};
/* End PBXContainerItemProxy section */

/* Begin PBXFileReference section */
		E51E0E272DA95C1E005FAFF4 /* ViciMVP.app */ = {isa = PBXFileReference; explicitFileType = wrapper.application; includeInIndex = 0; path = ViciMVP.app; sourceTree = BUILT_PRODUCTS_DIR; };
		E51E0E392DA95C20005FAFF4 /* ViciMVPTests.xctest */ = {isa = PBXFileReference; explicitFileType = wrapper.cfbundle; includeInIndex = 0; path = ViciMVPTests.xctest; sourceTree = BUILT_PRODUCTS_DIR; };
		E51E0E432DA95C20005FAFF4 /* ViciMVPUITests.xctest */ = {isa = PBXFileReference; explicitFileType = wrapper.cfbundle; includeInIndex = 0; path = ViciMVPUITests.xctest; sourceTree = BUILT_PRODUCTS_DIR; };
/* End PBXFileReference section */

/* Begin PBXFileSystemSynchronizedRootGroup section */
		E51E0E292DA95C1E005FAFF4 /* ViciMVP */ = {
			isa = PBXFileSystemSynchronizedRootGroup;
			path = ViciMVP;
			sourceTree = "<group>";
		};
		E51E0E3C2DA95C20005FAFF4 /* ViciMVPTests */ = {
			isa = PBXFileSystemSynchronizedRootGroup;
			path = ViciMVPTests;
			sourceTree = "<group>";
		};
		E51E0E462DA95C20005FAFF4 /* ViciMVPUITests */ = {
			isa = PBXFileSystemSynchronizedRootGroup;
			path = ViciMVPUITests;
			sourceTree = "<group>";
		};
/* End PBXFileSystemSynchronizedRootGroup section */

/* Begin PBXFrameworksBuildPhase section */
		E51E0E242DA95C1E005FAFF4 /* Frameworks */ = {
			isa = PBXFrameworksBuildPhase;
			buildActionMask = 2147483647;
			files = (
			);
			runOnlyForDeploymentPostprocessing = 0;
		};
		E51E0E362DA95C20005FAFF4 /* Frameworks */ = {
			isa = PBXFrameworksBuildPhase;
			buildActionMask = 2147483647;
			files = (
			);
			runOnlyForDeploymentPostprocessing = 0;
		};
		E51E0E402DA95C20005FAFF4 /* Frameworks */ = {
			isa = PBXFrameworksBuildPhase;
			buildActionMask = 2147483647;
			files = (
			);
			runOnlyForDeploymentPostprocessing = 0;
		};
/* End PBXFrameworksBuildPhase section */

/* Begin PBXGroup section */
		E51E0E1E2DA95C1E005FAFF4 = {
			isa = PBXGroup;
			children = (
				E51E0E292DA95C1E005FAFF4 /* ViciMVP */,
				E51E0E3C2DA95C20005FAFF4 /* ViciMVPTests */,
				E51E0E462DA95C20005FAFF4 /* ViciMVPUITests */,
				E51E0E282DA95C1E005FAFF4 /* Products */,
			);
			sourceTree = "<group>";
		};
		E51E0E282DA95C1E005FAFF4 /* Products */ = {
			isa = PBXGroup;
			children = (
				E51E0E272DA95C1E005FAFF4 /* ViciMVP.app */,
				E51E0E392DA95C20005FAFF4 /* ViciMVPTests.xctest */,
				E51E0E432DA95C20005FAFF4 /* ViciMVPUITests.xctest */,
			);
			name = Products;
			sourceTree = "<group>";
		};
/* End PBXGroup section */

/* Begin PBXNativeTarget section */
		E51E0E262DA95C1E005FAFF4 /* ViciMVP */ = {
			isa = PBXNativeTarget;
			buildConfigurationList = E51E0E4D2DA95C20005FAFF4 /* Build configuration list for PBXNativeTarget "ViciMVP" */;
			buildPhases = (
				E51E0E232DA95C1E005FAFF4 /* Sources */,
				E51E0E242DA95C1E005FAFF4 /* Frameworks */,
				E51E0E252DA95C1E005FAFF4 /* Resources */,
			);
			buildRules = (
			);
			dependencies = (
			);
			fileSystemSynchronizedGroups = (
				E51E0E292DA95C1E005FAFF4 /* ViciMVP */,
			);
			name = ViciMVP;
			packageProductDependencies = (
			);
			productName = ViciMVP;
			productReference = E51E0E272DA95C1E005FAFF4 /* ViciMVP.app */;
			productType = "com.apple.product-type.application";
		};
		E51E0E382DA95C20005FAFF4 /* ViciMVPTests */ = {
			isa = PBXNativeTarget;
			buildConfigurationList = E51E0E502DA95C20005FAFF4 /* Build configuration list for PBXNativeTarget "ViciMVPTests" */;
			buildPhases = (
				E51E0E352DA95C20005FAFF4 /* Sources */,
				E51E0E362DA95C20005FAFF4 /* Frameworks */,
				E51E0E372DA95C20005FAFF4 /* Resources */,
			);
			buildRules = (
			);
			dependencies = (
				E51E0E3B2DA95C20005FAFF4 /* PBXTargetDependency */,
			);
			fileSystemSynchronizedGroups = (
				E51E0E3C2DA95C20005FAFF4 /* ViciMVPTests */,
			);
			name = ViciMVPTests;
			packageProductDependencies = (
			);
			productName = ViciMVPTests;
			productReference = E51E0E392DA95C20005FAFF4 /* ViciMVPTests.xctest */;
			productType = "com.apple.product-type.bundle.unit-test";
		};
		E51E0E422DA95C20005FAFF4 /* ViciMVPUITests */ = {
			isa = PBXNativeTarget;
			buildConfigurationList = E51E0E532DA95C20005FAFF4 /* Build configuration list for PBXNativeTarget "ViciMVPUITests" */;
			buildPhases = (
				E51E0E3F2DA95C20005FAFF4 /* Sources */,
				E51E0E402DA95C20005FAFF4 /* Frameworks */,
				E51E0E412DA95C20005FAFF4 /* Resources */,
			);
			buildRules = (
			);
			dependencies = (
				E51E0E452DA95C20005FAFF4 /* PBXTargetDependency */,
			);
			fileSystemSynchronizedGroups = (
				E51E0E462DA95C20005FAFF4 /* ViciMVPUITests */,
			);
			name = ViciMVPUITests;
			packageProductDependencies = (
			);
			productName = ViciMVPUITests;
			productReference = E51E0E432DA95C20005FAFF4 /* ViciMVPUITests.xctest */;
			productType = "com.apple.product-type.bundle.ui-testing";
		};
/* End PBXNativeTarget section */

/* Begin PBXProject section */
		E51E0E1F2DA95C1E005FAFF4 /* Project object */ = {
			isa = PBXProject;
			attributes = {
				BuildIndependentTargetsInParallel = 1;
				LastSwiftUpdateCheck = 1620;
				LastUpgradeCheck = 1620;
				TargetAttributes = {
					E51E0E262DA95C1E005FAFF4 = {
						CreatedOnToolsVersion = 16.2;
					};
					E51E0E382DA95C20005FAFF4 = {
						CreatedOnToolsVersion = 16.2;
						TestTargetID = E51E0E262DA95C1E005FAFF4;
					};
					E51E0E422DA95C20005FAFF4 = {
						CreatedOnToolsVersion = 16.2;
						TestTargetID = E51E0E262DA95C1E005FAFF4;
					};
				};
			};
			buildConfigurationList = E51E0E222DA95C1E005FAFF4 /* Build configuration list for PBXProject "ViciMVP" */;
			developmentRegion = en;
			hasScannedForEncodings = 0;
			knownRegions = (
				en,
				Base,
			);
			mainGroup = E51E0E1E2DA95C1E005FAFF4;
			minimizedProjectReferenceProxies = 1;
			preferredProjectObjectVersion = 77;
			productRefGroup = E51E0E282DA95C1E005FAFF4 /* Products */;
			projectDirPath = "";
			projectRoot = "";
			targets = (
				E51E0E262DA95C1E005FAFF4 /* ViciMVP */,
				E51E0E382DA95C20005FAFF4 /* ViciMVPTests */,
				E51E0E422DA95C20005FAFF4 /* ViciMVPUITests */,
			);
		};
/* End PBXProject section */

/* Begin PBXResourcesBuildPhase section */
		E51E0E252DA95C1E005FAFF4 /* Resources */ = {
			isa = PBXResourcesBuildPhase;
			buildActionMask = 2147483647;
			files = (
			);
			runOnlyForDeploymentPostprocessing = 0;
		};
		E51E0E372DA95C20005FAFF4 /* Resources */ = {
			isa = PBXResourcesBuildPhase;
			buildActionMask = 2147483647;
			files = (
			);
			runOnlyForDeploymentPostprocessing = 0;
		};
		E51E0E412DA95C20005FAFF4 /* Resources */ = {
			isa = PBXResourcesBuildPhase;
			buildActionMask = 2147483647;
			files = (
			);
			runOnlyForDeploymentPostprocessing = 0;
		};
/* End PBXResourcesBuildPhase section */

/* Begin PBXSourcesBuildPhase section */
		E51E0E232DA95C1E005FAFF4 /* Sources */ = {
			isa = PBXSourcesBuildPhase;
			buildActionMask = 2147483647;
			files = (
			);
			runOnlyForDeploymentPostprocessing = 0;
		};
		E51E0E352DA95C20005FAFF4 /* Sources */ = {
			isa = PBXSourcesBuildPhase;
			buildActionMask = 2147483647;
			files = (
			);
			runOnlyForDeploymentPostprocessing = 0;
		};
		E51E0E3F2DA95C20005FAFF4 /* Sources */ = {
			isa = PBXSourcesBuildPhase;
			buildActionMask = 2147483647;
			files = (
			);
			runOnlyForDeploymentPostprocessing = 0;
		};
/* End PBXSourcesBuildPhase section */

/* Begin PBXTargetDependency section */
		E51E0E3B2DA95C20005FAFF4 /* PBXTargetDependency */ = {
			isa = PBXTargetDependency;
			target = E51E0E262DA95C1E005FAFF4 /* ViciMVP */;
			targetProxy = E51E0E3A2DA95C20005FAFF4 /* PBXContainerItemProxy */;
		};
		E51E0E452DA95C20005FAFF4 /* PBXTargetDependency */ = {
			isa = PBXTargetDependency;
			target = E51E0E262DA95C1E005FAFF4 /* ViciMVP */;
			targetProxy = E51E0E442DA95C20005FAFF4 /* PBXContainerItemProxy */;
		};
/* End PBXTargetDependency section */

/* Begin XCBuildConfiguration section */
		E51E0E4B2DA95C20005FAFF4 /* Debug */ = {
			isa = XCBuildConfiguration;
			buildSettings = {
				ALWAYS_SEARCH_USER_PATHS = NO;
				ASSETCATALOG_COMPILER_GENERATE_SWIFT_ASSET_SYMBOL_EXTENSIONS = YES;
				CLANG_ANALYZER_NONNULL = YES;
				CLANG_ANALYZER_NUMBER_OBJECT_CONVERSION = YES_AGGRESSIVE;
				CLANG_CXX_LANGUAGE_STANDARD = "gnu++20";
				CLANG_ENABLE_MODULES = YES;
				CLANG_ENABLE_OBJC_ARC = YES;
				CLANG_ENABLE_OBJC_WEAK = YES;
				CLANG_WARN_BLOCK_CAPTURE_AUTORELEASING = YES;
				CLANG_WARN_BOOL_CONVERSION = YES;
				CLANG_WARN_COMMA = YES;
				CLANG_WARN_CONSTANT_CONVERSION = YES;
				CLANG_WARN_DEPRECATED_OBJC_IMPLEMENTATIONS = YES;
				CLANG_WARN_DIRECT_OBJC_ISA_USAGE = YES_ERROR;
				CLANG_WARN_DOCUMENTATION_COMMENTS = YES;
				CLANG_WARN_EMPTY_BODY = YES;
				CLANG_WARN_ENUM_CONVERSION = YES;
				CLANG_WARN_INFINITE_RECURSION = YES;
				CLANG_WARN_INT_CONVERSION = YES;
				CLANG_WARN_NON_LITERAL_NULL_CONVERSION = YES;
				CLANG_WARN_OBJC_IMPLICIT_RETAIN_SELF = YES;
				CLANG_WARN_OBJC_LITERAL_CONVERSION = YES;
				CLANG_WARN_OBJC_ROOT_CLASS = YES_ERROR;
				CLANG_WARN_QUOTED_INCLUDE_IN_FRAMEWORK_HEADER = YES;
				CLANG_WARN_RANGE_LOOP_ANALYSIS = YES;
				CLANG_WARN_STRICT_PROTOTYPES = YES;
				CLANG_WARN_SUSPICIOUS_MOVE = YES;
				CLANG_WARN_UNGUARDED_AVAILABILITY = YES_AGGRESSIVE;
				CLANG_WARN_UNREACHABLE_CODE = YES;
				CLANG_WARN__DUPLICATE_METHOD_MATCH = YES;
				COPY_PHASE_STRIP = NO;
				DEBUG_INFORMATION_FORMAT = dwarf;
				ENABLE_STRICT_OBJC_MSGSEND = YES;
				ENABLE_TESTABILITY = YES;
				ENABLE_USER_SCRIPT_SANDBOXING = YES;
				GCC_C_LANGUAGE_STANDARD = gnu17;
				GCC_DYNAMIC_NO_PIC = NO;
				GCC_NO_COMMON_BLOCKS = YES;
				GCC_OPTIMIZATION_LEVEL = 0;
				GCC_PREPROCESSOR_DEFINITIONS = (
					"DEBUG=1",
					"$(inherited)",
				);
				GCC_WARN_64_TO_32_BIT_CONVERSION = YES;
				GCC_WARN_ABOUT_RETURN_TYPE = YES_ERROR;
				GCC_WARN_UNDECLARED_SELECTOR = YES;
				GCC_WARN_UNINITIALIZED_AUTOS = YES_AGGRESSIVE;
				GCC_WARN_UNUSED_FUNCTION = YES;
				GCC_WARN_UNUSED_VARIABLE = YES;
				IPHONEOS_DEPLOYMENT_TARGET = 18.2;
				LOCALIZATION_PREFERS_STRING_CATALOGS = YES;
				MTL_ENABLE_DEBUG_INFO = INCLUDE_SOURCE;
				MTL_FAST_MATH = YES;
				ONLY_ACTIVE_ARCH = YES;
				SDKROOT = iphoneos;
				SWIFT_ACTIVE_COMPILATION_CONDITIONS = "DEBUG $(inherited)";
				SWIFT_OPTIMIZATION_LEVEL = "-Onone";
			};
			name = Debug;
		};
		E51E0E4C2DA95C20005FAFF4 /* Release */ = {
			isa = XCBuildConfiguration;
			buildSettings = {
				ALWAYS_SEARCH_USER_PATHS = NO;
				ASSETCATALOG_COMPILER_GENERATE_SWIFT_ASSET_SYMBOL_EXTENSIONS = YES;
				CLANG_ANALYZER_NONNULL = YES;
				CLANG_ANALYZER_NUMBER_OBJECT_CONVERSION = YES_AGGRESSIVE;
				CLANG_CXX_LANGUAGE_STANDARD = "gnu++20";
				CLANG_ENABLE_MODULES = YES;
				CLANG_ENABLE_OBJC_ARC = YES;
				CLANG_ENABLE_OBJC_WEAK = YES;
				CLANG_WARN_BLOCK_CAPTURE_AUTORELEASING = YES;
				CLANG_WARN_BOOL_CONVERSION = YES;
				CLANG_WARN_COMMA = YES;
				CLANG_WARN_CONSTANT_CONVERSION = YES;
				CLANG_WARN_DEPRECATED_OBJC_IMPLEMENTATIONS = YES;
				CLANG_WARN_DIRECT_OBJC_ISA_USAGE = YES_ERROR;
				CLANG_WARN_DOCUMENTATION_COMMENTS = YES;
				CLANG_WARN_EMPTY_BODY = YES;
				CLANG_WARN_ENUM_CONVERSION = YES;
				CLANG_WARN_INFINITE_RECURSION = YES;
				CLANG_WARN_INT_CONVERSION = YES;
				CLANG_WARN_NON_LITERAL_NULL_CONVERSION = YES;
				CLANG_WARN_OBJC_IMPLICIT_RETAIN_SELF = YES;
				CLANG_WARN_OBJC_LITERAL_CONVERSION = YES;
				CLANG_WARN_OBJC_ROOT_CLASS = YES_ERROR;
				CLANG_WARN_QUOTED_INCLUDE_IN_FRAMEWORK_HEADER = YES;
				CLANG_WARN_RANGE_LOOP_ANALYSIS = YES;
				CLANG_WARN_STRICT_PROTOTYPES = YES;
				CLANG_WARN_SUSPICIOUS_MOVE = YES;
				CLANG_WARN_UNGUARDED_AVAILABILITY = YES_AGGRESSIVE;
				CLANG_WARN_UNREACHABLE_CODE = YES;
				CLANG_WARN__DUPLICATE_METHOD_MATCH = YES;
				COPY_PHASE_STRIP = NO;
				DEBUG_INFORMATION_FORMAT = "dwarf-with-dsym";
				ENABLE_NS_ASSERTIONS = NO;
				ENABLE_STRICT_OBJC_MSGSEND = YES;
				ENABLE_USER_SCRIPT_SANDBOXING = YES;
				GCC_C_LANGUAGE_STANDARD = gnu17;
				GCC_NO_COMMON_BLOCKS = YES;
				GCC_WARN_64_TO_32_BIT_CONVERSION = YES;
				GCC_WARN_ABOUT_RETURN_TYPE = YES_ERROR;
				GCC_WARN_UNDECLARED_SELECTOR = YES;
				GCC_WARN_UNINITIALIZED_AUTOS = YES_AGGRESSIVE;
				GCC_WARN_UNUSED_FUNCTION = YES;
				GCC_WARN_UNUSED_VARIABLE = YES;
				IPHONEOS_DEPLOYMENT_TARGET = 18.2;
				LOCALIZATION_PREFERS_STRING_CATALOGS = YES;
				MTL_ENABLE_DEBUG_INFO = NO;
				MTL_FAST_MATH = YES;
				SDKROOT = iphoneos;
				SWIFT_COMPILATION_MODE = wholemodule;
				VALIDATE_PRODUCT = YES;
			};
			name = Release;
		};
		E51E0E4E2DA95C20005FAFF4 /* Debug */ = {
			isa = XCBuildConfiguration;
			buildSettings = {
				ASSETCATALOG_COMPILER_APPICON_NAME = AppIcon;
				ASSETCATALOG_COMPILER_GLOBAL_ACCENT_COLOR_NAME = AccentColor;
				CODE_SIGN_STYLE = Automatic;
				CURRENT_PROJECT_VERSION = 1;
				DEVELOPMENT_ASSET_PATHS = "\"ViciMVP/Preview Content\"";
				DEVELOPMENT_TEAM = 7HHV4CG8QD;
				ENABLE_PREVIEWS = YES;
				GENERATE_INFOPLIST_FILE = YES;
				INFOPLIST_KEY_UIApplicationSceneManifest_Generation = YES;
				INFOPLIST_KEY_UIApplicationSupportsIndirectInputEvents = YES;
				INFOPLIST_KEY_UILaunchScreen_Generation = YES;
				INFOPLIST_KEY_UISupportedInterfaceOrientations_iPad = "UIInterfaceOrientationPortrait UIInterfaceOrientationPortraitUpsideDown UIInterfaceOrientationLandscapeLeft UIInterfaceOrientationLandscapeRight";
				INFOPLIST_KEY_UISupportedInterfaceOrientations_iPhone = "UIInterfaceOrientationPortrait UIInterfaceOrientationLandscapeLeft UIInterfaceOrientationLandscapeRight";
				LD_RUNPATH_SEARCH_PATHS = (
					"$(inherited)",
					"@executable_path/Frameworks",
				);
				MARKETING_VERSION = 1.0;
				PRODUCT_BUNDLE_IDENTIFIER = com.vici.ViciMVP;
				PRODUCT_NAME = "$(TARGET_NAME)";
				SWIFT_EMIT_LOC_STRINGS = YES;
				SWIFT_VERSION = 5.0;
				TARGETED_DEVICE_FAMILY = "1,2";
			};
			name = Debug;
		};
		E51E0E4F2DA95C20005FAFF4 /* Release */ = {
			isa = XCBuildConfiguration;
			buildSettings = {
				ASSETCATALOG_COMPILER_APPICON_NAME = AppIcon;
				ASSETCATALOG_COMPILER_GLOBAL_ACCENT_COLOR_NAME = AccentColor;
				CODE_SIGN_STYLE = Automatic;
				CURRENT_PROJECT_VERSION = 1;
				DEVELOPMENT_ASSET_PATHS = "\"ViciMVP/Preview Content\"";
				DEVELOPMENT_TEAM = 7HHV4CG8QD;
				ENABLE_PREVIEWS = YES;
				GENERATE_INFOPLIST_FILE = YES;
				INFOPLIST_KEY_UIApplicationSceneManifest_Generation = YES;
				INFOPLIST_KEY_UIApplicationSupportsIndirectInputEvents = YES;
				INFOPLIST_KEY_UILaunchScreen_Generation = YES;
				INFOPLIST_KEY_UISupportedInterfaceOrientations_iPad = "UIInterfaceOrientationPortrait UIInterfaceOrientationPortraitUpsideDown UIInterfaceOrientationLandscapeLeft UIInterfaceOrientationLandscapeRight";
				INFOPLIST_KEY_UISupportedInterfaceOrientations_iPhone = "UIInterfaceOrientationPortrait UIInterfaceOrientationLandscapeLeft UIInterfaceOrientationLandscapeRight";
				LD_RUNPATH_SEARCH_PATHS = (
					"$(inherited)",
					"@executable_path/Frameworks",
				);
				MARKETING_VERSION = 1.0;
				PRODUCT_BUNDLE_IDENTIFIER = com.vici.ViciMVP;
				PRODUCT_NAME = "$(TARGET_NAME)";
				SWIFT_EMIT_LOC_STRINGS = YES;
				SWIFT_VERSION = 5.0;
				TARGETED_DEVICE_FAMILY = "1,2";
			};
			name = Release;
		};
		E51E0E512DA95C20005FAFF4 /* Debug */ = {
			isa = XCBuildConfiguration;
			buildSettings = {
				BUNDLE_LOADER = "$(TEST_HOST)";
				CODE_SIGN_STYLE = Automatic;
				CURRENT_PROJECT_VERSION = 1;
				DEVELOPMENT_TEAM = 7HHV4CG8QD;
				GENERATE_INFOPLIST_FILE = YES;
				IPHONEOS_DEPLOYMENT_TARGET = 18.2;
				MARKETING_VERSION = 1.0;
				PRODUCT_BUNDLE_IDENTIFIER = com.vici.ViciMVPTests;
				PRODUCT_NAME = "$(TARGET_NAME)";
				SWIFT_EMIT_LOC_STRINGS = NO;
				SWIFT_VERSION = 5.0;
				TARGETED_DEVICE_FAMILY = "1,2";
				TEST_HOST = "$(BUILT_PRODUCTS_DIR)/ViciMVP.app/$(BUNDLE_EXECUTABLE_FOLDER_PATH)/ViciMVP";
			};
			name = Debug;
		};
		E51E0E522DA95C20005FAFF4 /* Release */ = {
			isa = XCBuildConfiguration;
			buildSettings = {
				BUNDLE_LOADER = "$(TEST_HOST)";
				CODE_SIGN_STYLE = Automatic;
				CURRENT_PROJECT_VERSION = 1;
				DEVELOPMENT_TEAM = 7HHV4CG8QD;
				GENERATE_INFOPLIST_FILE = YES;
				IPHONEOS_DEPLOYMENT_TARGET = 18.2;
				MARKETING_VERSION = 1.0;
				PRODUCT_BUNDLE_IDENTIFIER = com.vici.ViciMVPTests;
				PRODUCT_NAME = "$(TARGET_NAME)";
				SWIFT_EMIT_LOC_STRINGS = NO;
				SWIFT_VERSION = 5.0;
				TARGETED_DEVICE_FAMILY = "1,2";
				TEST_HOST = "$(BUILT_PRODUCTS_DIR)/ViciMVP.app/$(BUNDLE_EXECUTABLE_FOLDER_PATH)/ViciMVP";
			};
			name = Release;
		};
		E51E0E542DA95C20005FAFF4 /* Debug */ = {
			isa = XCBuildConfiguration;
			buildSettings = {
				CODE_SIGN_STYLE = Automatic;
				CURRENT_PROJECT_VERSION = 1;
				DEVELOPMENT_TEAM = 7HHV4CG8QD;
				GENERATE_INFOPLIST_FILE = YES;
				MARKETING_VERSION = 1.0;
				PRODUCT_BUNDLE_IDENTIFIER = com.vici.ViciMVPUITests;
				PRODUCT_NAME = "$(TARGET_NAME)";
				SWIFT_EMIT_LOC_STRINGS = NO;
				SWIFT_VERSION = 5.0;
				TARGETED_DEVICE_FAMILY = "1,2";
				TEST_TARGET_NAME = ViciMVP;
			};
			name = Debug;
		};
		E51E0E552DA95C20005FAFF4 /* Release */ = {
			isa = XCBuildConfiguration;
			buildSettings = {
				CODE_SIGN_STYLE = Automatic;
				CURRENT_PROJECT_VERSION = 1;
				DEVELOPMENT_TEAM = 7HHV4CG8QD;
				GENERATE_INFOPLIST_FILE = YES;
				MARKETING_VERSION = 1.0;
				PRODUCT_BUNDLE_IDENTIFIER = com.vici.ViciMVPUITests;
				PRODUCT_NAME = "$(TARGET_NAME)";
				SWIFT_EMIT_LOC_STRINGS = NO;
				SWIFT_VERSION = 5.0;
				TARGETED_DEVICE_FAMILY = "1,2";
				TEST_TARGET_NAME = ViciMVP;
			};
			name = Release;
		};
/* End XCBuildConfiguration section */

/* Begin XCConfigurationList section */
		E51E0E222DA95C1E005FAFF4 /* Build configuration list for PBXProject "ViciMVP" */ = {
			isa = XCConfigurationList;
			buildConfigurations = (
				E51E0E4B2DA95C20005FAFF4 /* Debug */,
				E51E0E4C2DA95C20005FAFF4 /* Release */,
			);
			defaultConfigurationIsVisible = 0;
			defaultConfigurationName = Release;
		};
		E51E0E4D2DA95C20005FAFF4 /* Build configuration list for PBXNativeTarget "ViciMVP" */ = {
			isa = XCConfigurationList;
			buildConfigurations = (
				E51E0E4E2DA95C20005FAFF4 /* Debug */,
				E51E0E4F2DA95C20005FAFF4 /* Release */,
			);
			defaultConfigurationIsVisible = 0;
			defaultConfigurationName = Release;
		};
		E51E0E502DA95C20005FAFF4 /* Build configuration list for PBXNativeTarget "ViciMVPTests" */ = {
			isa = XCConfigurationList;
			buildConfigurations = (
				E51E0E512DA95C20005FAFF4 /* Debug */,
				E51E0E522DA95C20005FAFF4 /* Release */,
			);
			defaultConfigurationIsVisible = 0;
			defaultConfigurationName = Release;
		};
		E51E0E532DA95C20005FAFF4 /* Build configuration list for PBXNativeTarget "ViciMVPUITests" */ = {
			isa = XCConfigurationList;
			buildConfigurations = (
				E51E0E542DA95C20005FAFF4 /* Debug */,
				E51E0E552DA95C20005FAFF4 /* Release */,
			);
			defaultConfigurationIsVisible = 0;
			defaultConfigurationName = Release;
		};
/* End XCConfigurationList section */
	};
	rootObject = E51E0E1F2DA95C1E005FAFF4 /* Project object */;
}
